<Solution>
  <Project Path="DbModels/DbModels.csproj" />
  <Project Path="LogicaDeNegoci.Abstractions/LogicaDeNegoci.Abstractions.csproj" />
  <Project Path="LogicaDeNegoci.UnitTests/LogicaDeNegoci.UnitTests.csproj" />
  <Project Path="LogicaDeNegoci/LogicaDeNegoci.csproj" />
  <Project Path="Repositori.Abstractions/Repositori.Abstractions.csproj" />
  <Project Path="Repositori.IntegrationTests/Repositori.IntegrationTests.csproj" />
  <Project Path="Repositori/Repositori.csproj" />
</Solution>
